// !$*UTF8*$!
{
	archiveVersion = 1;
	classes = {
	};
	objectVersion = 56;
	objects = {

/* Begin PBXBuildFile section */
		CB2242AB2B80E1F800A94564 /* MainTabbedView.swift in Sources */ = {isa = PBXBuildFile; fileRef = CB2242AA2B80E1F800A94564 /* MainTabbedView.swift */; };
		CB2242AE2B80E26300A94564 /* SideMenu.swift in Sources */ = {isa = PBXBuildFile; fileRef = CB2242AD2B80E26300A94564 /* SideMenu.swift */; };
		CB2242B02B80E29D00A94564 /* SideMenuView.swift in Sources */ = {isa = PBXBuildFile; fileRef = CB2242AF2B80E29D00A94564 /* SideMenuView.swift */; };
		CB2242B92B80E45200A94564 /* HomeView.swift in Sources */ = {isa = PBXBuildFile; fileRef = CB2242B82B80E45200A94564 /* HomeView.swift */; };
		CB2242BD2B80EA6800A94564 /* QandAView.swift in Sources */ = {isa = PBXBuildFile; fileRef = CB2242BC2B80EA6800A94564 /* QandAView.swift */; };
		CB2242BF2B80EB1900A94564 /* CampusMapView.swift in Sources */ = {isa = PBXBuildFile; fileRef = CB2242BE2B80EB1900A94564 /* CampusMapView.swift */; };
		CB2242C12B80EC3B00A94564 /* ShareLocationView.swift in Sources */ = {isa = PBXBuildFile; fileRef = CB2242C02B80EC3B00A94564 /* ShareLocationView.swift */; };
		CB7125BE2B8137F700EB458E /* GIFImage in Frameworks */ = {isa = PBXBuildFile; productRef = CB7125BD2B8137F700EB458E /* GIFImage */; };
		CBABE55B2B808066002E80A5 /* tramApp.swift in Sources */ = {isa = PBXBuildFile; fileRef = CBABE55A2B808066002E80A5 /* tramApp.swift */; };
		CBABE55F2B808067002E80A5 /* Assets.xcassets in Resources */ = {isa = PBXBuildFile; fileRef = CBABE55E2B808067002E80A5 /* Assets.xcassets */; };
		CBABE5622B808067002E80A5 /* Preview Assets.xcassets in Resources */ = {isa = PBXBuildFile; fileRef = CBABE5612B808067002E80A5 /* Preview Assets.xcassets */; };
		CBABE56C2B808067002E80A5 /* tramTests.swift in Sources */ = {isa = PBXBuildFile; fileRef = CBABE56B2B808067002E80A5 /* tramTests.swift */; };
		CBABE5762B808067002E80A5 /* tramUITests.swift in Sources */ = {isa = PBXBuildFile; fileRef = CBABE5752B808067002E80A5 /* tramUITests.swift */; };
		CBABE5782B808067002E80A5 /* tramUITestsLaunchTests.swift in Sources */ = {isa = PBXBuildFile; fileRef = CBABE5772B808067002E80A5 /* tramUITestsLaunchTests.swift */; };
/* End PBXBuildFile section */

/* Begin PBXContainerItemProxy section */
		CBABE5682B808067002E80A5 /* PBXContainerItemProxy */ = {
			isa = PBXContainerItemProxy;
			containerPortal = CBABE54F2B808066002E80A5 /* Project object */;
			proxyType = 1;
			remoteGlobalIDString = CBABE5562B808066002E80A5;
			remoteInfo = tram;
		};
		CBABE5722B808067002E80A5 /* PBXContainerItemProxy */ = {
			isa = PBXContainerItemProxy;
			containerPortal = CBABE54F2B808066002E80A5 /* Project object */;
			proxyType = 1;
			remoteGlobalIDString = CBABE5562B808066002E80A5;
			remoteInfo = tram;
		};
/* End PBXContainerItemProxy section */

/* Begin PBXFileReference section */
		CB2242AA2B80E1F800A94564 /* MainTabbedView.swift */ = {isa = PBXFileReference; lastKnownFileType = sourcecode.swift; path = MainTabbedView.swift; sourceTree = "<group>"; };
		CB2242AD2B80E26300A94564 /* SideMenu.swift */ = {isa = PBXFileReference; lastKnownFileType = sourcecode.swift; path = SideMenu.swift; sourceTree = "<group>"; };
		CB2242AF2B80E29D00A94564 /* SideMenuView.swift */ = {isa = PBXFileReference; lastKnownFileType = sourcecode.swift; path = SideMenuView.swift; sourceTree = "<group>"; };
		CB2242B82B80E45200A94564 /* HomeView.swift */ = {isa = PBXFileReference; lastKnownFileType = sourcecode.swift; path = HomeView.swift; sourceTree = "<group>"; };
		CB2242BC2B80EA6800A94564 /* QandAView.swift */ = {isa = PBXFileReference; lastKnownFileType = sourcecode.swift; path = QandAView.swift; sourceTree = "<group>"; };
		CB2242BE2B80EB1900A94564 /* CampusMapView.swift */ = {isa = PBXFileReference; lastKnownFileType = sourcecode.swift; path = CampusMapView.swift; sourceTree = "<group>"; };
		CB2242C02B80EC3B00A94564 /* ShareLocationView.swift */ = {isa = PBXFileReference; lastKnownFileType = sourcecode.swift; path = ShareLocationView.swift; sourceTree = "<group>"; };
		CBABE5572B808066002E80A5 /* tram.app */ = {isa = PBXFileReference; explicitFileType = wrapper.application; includeInIndex = 0; path = tram.app; sourceTree = BUILT_PRODUCTS_DIR; };
		CBABE55A2B808066002E80A5 /* tramApp.swift */ = {isa = PBXFileReference; lastKnownFileType = sourcecode.swift; path = tramApp.swift; sourceTree = "<group>"; };
		CBABE55E2B808067002E80A5 /* Assets.xcassets */ = {isa = PBXFileReference; lastKnownFileType = folder.assetcatalog; path = Assets.xcassets; sourceTree = "<group>"; };
		CBABE5612B808067002E80A5 /* Preview Assets.xcassets */ = {isa = PBXFileReference; lastKnownFileType = folder.assetcatalog; path = "Preview Assets.xcassets"; sourceTree = "<group>"; };
		CBABE5672B808067002E80A5 /* tramTests.xctest */ = {isa = PBXFileReference; explicitFileType = wrapper.cfbundle; includeInIndex = 0; path = tramTests.xctest; sourceTree = BUILT_PRODUCTS_DIR; };
		CBABE56B2B808067002E80A5 /* tramTests.swift */ = {isa = PBXFileReference; lastKnownFileType = sourcecode.swift; path = tramTests.swift; sourceTree = "<group>"; };
		CBABE5712B808067002E80A5 /* tramUITests.xctest */ = {isa = PBXFileReference; explicitFileType = wrapper.cfbundle; includeInIndex = 0; path = tramUITests.xctest; sourceTree = BUILT_PRODUCTS_DIR; };
		CBABE5752B808067002E80A5 /* tramUITests.swift */ = {isa = PBXFileReference; lastKnownFileType = sourcecode.swift; path = tramUITests.swift; sourceTree = "<group>"; };
		CBABE5772B808067002E80A5 /* tramUITestsLaunchTests.swift */ = {isa = PBXFileReference; lastKnownFileType = sourcecode.swift; path = tramUITestsLaunchTests.swift; sourceTree = "<group>"; };
/* End PBXFileReference section */

/* Begin PBXFrameworksBuildPhase section */
		CBABE5542B808066002E80A5 /* Frameworks */ = {
			isa = PBXFrameworksBuildPhase;
			buildActionMask = 2147483647;
			files = (
				CB7125BE2B8137F700EB458E /* GIFImage in Frameworks */,
			);
			runOnlyForDeploymentPostprocessing = 0;
		};
		CBABE5642B808067002E80A5 /* Frameworks */ = {
			isa = PBXFrameworksBuildPhase;
			buildActionMask = 2147483647;
			files = (
			);
			runOnlyForDeploymentPostprocessing = 0;
		};
		CBABE56E2B808067002E80A5 /* Frameworks */ = {
			isa = PBXFrameworksBuildPhase;
			buildActionMask = 2147483647;
			files = (
			);
			runOnlyForDeploymentPostprocessing = 0;
		};
/* End PBXFrameworksBuildPhase section */

/* Begin PBXGroup section */
		CB2242AC2B80E25000A94564 /* SideMenu */ = {
			isa = PBXGroup;
			children = (
				CB2242AD2B80E26300A94564 /* SideMenu.swift */,
				CB2242AF2B80E29D00A94564 /* SideMenuView.swift */,
			);
			path = SideMenu;
			sourceTree = "<group>";
		};
		CB2242B12B80E2BB00A94564 /* Main */ = {
			isa = PBXGroup;
			children = (
				CB2242AA2B80E1F800A94564 /* MainTabbedView.swift */,
				CB2242B82B80E45200A94564 /* HomeView.swift */,
				CB2242BC2B80EA6800A94564 /* QandAView.swift */,
				CB2242BE2B80EB1900A94564 /* CampusMapView.swift */,
				CB2242C02B80EC3B00A94564 /* ShareLocationView.swift */,
			);
			path = Main;
			sourceTree = "<group>";
		};
		CBABE54E2B808066002E80A5 = {
			isa = PBXGroup;
			children = (
				CBABE5592B808066002E80A5 /* tram */,
				CBABE56A2B808067002E80A5 /* tramTests */,
				CBABE5742B808067002E80A5 /* tramUITests */,
				CBABE5582B808066002E80A5 /* Products */,
			);
			sourceTree = "<group>";
		};
		CBABE5582B808066002E80A5 /* Products */ = {
			isa = PBXGroup;
			children = (
				CBABE5572B808066002E80A5 /* tram.app */,
				CBABE5672B808067002E80A5 /* tramTests.xctest */,
				CBABE5712B808067002E80A5 /* tramUITests.xctest */,
			);
			name = Products;
			sourceTree = "<group>";
		};
		CBABE5592B808066002E80A5 /* tram */ = {
			isa = PBXGroup;
			children = (
				CB2242B12B80E2BB00A94564 /* Main */,
				CB2242AC2B80E25000A94564 /* SideMenu */,
				CBABE55A2B808066002E80A5 /* tramApp.swift */,
				CBABE55E2B808067002E80A5 /* Assets.xcassets */,
				CBABE5602B808067002E80A5 /* Preview Content */,
			);
			path = tram;
			sourceTree = "<group>";
		};
		CBABE5602B808067002E80A5 /* Preview Content */ = {
			isa = PBXGroup;
			children = (
				CBABE5612B808067002E80A5 /* Preview Assets.xcassets */,
			);
			path = "Preview Content";
			sourceTree = "<group>";
		};
		CBABE56A2B808067002E80A5 /* tramTests */ = {
			isa = PBXGroup;
			children = (
				CBABE56B2B808067002E80A5 /* tramTests.swift */,
			);
			path = tramTests;
			sourceTree = "<group>";
		};
		CBABE5742B808067002E80A5 /* tramUITests */ = {
			isa = PBXGroup;
			children = (
				CBABE5752B808067002E80A5 /* tramUITests.swift */,
				CBABE5772B808067002E80A5 /* tramUITestsLaunchTests.swift */,
			);
			path = tramUITests;
			sourceTree = "<group>";
		};
/* End PBXGroup section */

/* Begin PBXNativeTarget section */
		CBABE5562B808066002E80A5 /* tram */ = {
			isa = PBXNativeTarget;
			buildConfigurationList = CBABE57B2B808067002E80A5 /* Build configuration list for PBXNativeTarget "tram" */;
			buildPhases = (
				CBABE5532B808066002E80A5 /* Sources */,
				CBABE5542B808066002E80A5 /* Frameworks */,
				CBABE5552B808066002E80A5 /* Resources */,
			);
			buildRules = (
			);
			dependencies = (
			);
			name = tram;
			packageProductDependencies = (
				CB7125BD2B8137F700EB458E /* GIFImage */,
			);
			productName = tram;
			productReference = CBABE5572B808066002E80A5 /* tram.app */;
			productType = "com.apple.product-type.application";
		};
		CBABE5662B808067002E80A5 /* tramTests */ = {
			isa = PBXNativeTarget;
			buildConfigurationList = CBABE57E2B808067002E80A5 /* Build configuration list for PBXNativeTarget "tramTests" */;
			buildPhases = (
				CBABE5632B808067002E80A5 /* Sources */,
				CBABE5642B808067002E80A5 /* Frameworks */,
				CBABE5652B808067002E80A5 /* Resources */,
			);
			buildRules = (
			);
			dependencies = (
				CBABE5692B808067002E80A5 /* PBXTargetDependency */,
			);
			name = tramTests;
			productName = tramTests;
			productReference = CBABE5672B808067002E80A5 /* tramTests.xctest */;
			productType = "com.apple.product-type.bundle.unit-test";
		};
		CBABE5702B808067002E80A5 /* tramUITests */ = {
			isa = PBXNativeTarget;
			buildConfigurationList = CBABE5812B808067002E80A5 /* Build configuration list for PBXNativeTarget "tramUITests" */;
			buildPhases = (
				CBABE56D2B808067002E80A5 /* Sources */,
				CBABE56E2B808067002E80A5 /* Frameworks */,
				CBABE56F2B808067002E80A5 /* Resources */,
			);
			buildRules = (
			);
			dependencies = (
				CBABE5732B808067002E80A5 /* PBXTargetDependency */,
			);
			name = tramUITests;
			productName = tramUITests;
			productReference = CBABE5712B808067002E80A5 /* tramUITests.xctest */;
			productType = "com.apple.product-type.bundle.ui-testing";
		};
/* End PBXNativeTarget section */

/* Begin PBXProject section */
		CBABE54F2B808066002E80A5 /* Project object */ = {
			isa = PBXProject;
			attributes = {
				BuildIndependentTargetsInParallel = 1;
				LastSwiftUpdateCheck = 1520;
				LastUpgradeCheck = 1520;
				TargetAttributes = {
					CBABE5562B808066002E80A5 = {
						CreatedOnToolsVersion = 15.2;
					};
					CBABE5662B808067002E80A5 = {
						CreatedOnToolsVersion = 15.2;
						TestTargetID = CBABE5562B808066002E80A5;
					};
					CBABE5702B808067002E80A5 = {
						CreatedOnToolsVersion = 15.2;
						TestTargetID = CBABE5562B808066002E80A5;
					};
				};
			};
			buildConfigurationList = CBABE5522B808066002E80A5 /* Build configuration list for PBXProject "tram" */;
			compatibilityVersion = "Xcode 14.0";
			developmentRegion = en;
			hasScannedForEncodings = 0;
			knownRegions = (
				en,
				Base,
			);
			mainGroup = CBABE54E2B808066002E80A5;
			packageReferences = (
				CB7125BC2B8137F700EB458E /* XCRemoteSwiftPackageReference "GIFImage" */,
			);
			productRefGroup = CBABE5582B808066002E80A5 /* Products */;
			projectDirPath = "";
			projectRoot = "";
			targets = (
				CBABE5562B808066002E80A5 /* tram */,
				CBABE5662B808067002E80A5 /* tramTests */,
				CBABE5702B808067002E80A5 /* tramUITests */,
			);
		};
/* End PBXProject section */

/* Begin PBXResourcesBuildPhase section */
		CBABE5552B808066002E80A5 /* Resources */ = {
			isa = PBXResourcesBuildPhase;
			buildActionMask = 2147483647;
			files = (
				CBABE5622B808067002E80A5 /* Preview Assets.xcassets in Resources */,
				CBABE55F2B808067002E80A5 /* Assets.xcassets in Resources */,
			);
			runOnlyForDeploymentPostprocessing = 0;
		};
		CBABE5652B808067002E80A5 /* Resources */ = {
			isa = PBXResourcesBuildPhase;
			buildActionMask = 2147483647;
			files = (
			);
			runOnlyForDeploymentPostprocessing = 0;
		};
		CBABE56F2B808067002E80A5 /* Resources */ = {
			isa = PBXResourcesBuildPhase;
			buildActionMask = 2147483647;
			files = (
			);
			runOnlyForDeploymentPostprocessing = 0;
		};
/* End PBXResourcesBuildPhase section */

/* Begin PBXSourcesBuildPhase section */
		CBABE5532B808066002E80A5 /* Sources */ = {
			isa = PBXSourcesBuildPhase;
			buildActionMask = 2147483647;
			files = (
				CB2242B92B80E45200A94564 /* HomeView.swift in Sources */,
				CB2242BF2B80EB1900A94564 /* CampusMapView.swift in Sources */,
				CB2242BD2B80EA6800A94564 /* QandAView.swift in Sources */,
				CB2242B02B80E29D00A94564 /* SideMenuView.swift in Sources */,
				CB2242AB2B80E1F800A94564 /* MainTabbedView.swift in Sources */,
				CB2242AE2B80E26300A94564 /* SideMenu.swift in Sources */,
				CB2242C12B80EC3B00A94564 /* ShareLocationView.swift in Sources */,
				CBABE55B2B808066002E80A5 /* tramApp.swift in Sources */,
			);
			runOnlyForDeploymentPostprocessing = 0;
		};
		CBABE5632B808067002E80A5 /* Sources */ = {
			isa = PBXSourcesBuildPhase;
			buildActionMask = 2147483647;
			files = (
				CBABE56C2B808067002E80A5 /* tramTests.swift in Sources */,
			);
			runOnlyForDeploymentPostprocessing = 0;
		};
		CBABE56D2B808067002E80A5 /* Sources */ = {
			isa = PBXSourcesBuildPhase;
			buildActionMask = 2147483647;
			files = (
				CBABE5782B808067002E80A5 /* tramUITestsLaunchTests.swift in Sources */,
				CBABE5762B808067002E80A5 /* tramUITests.swift in Sources */,
			);
			runOnlyForDeploymentPostprocessing = 0;
		};
/* End PBXSourcesBuildPhase section */

/* Begin PBXTargetDependency section */
		CBABE5692B808067002E80A5 /* PBXTargetDependency */ = {
			isa = PBXTargetDependency;
			target = CBABE5562B808066002E80A5 /* tram */;
			targetProxy = CBABE5682B808067002E80A5 /* PBXContainerItemProxy */;
		};
		CBABE5732B808067002E80A5 /* PBXTargetDependency */ = {
			isa = PBXTargetDependency;
			target = CBABE5562B808066002E80A5 /* tram */;
			targetProxy = CBABE5722B808067002E80A5 /* PBXContainerItemProxy */;
		};
/* End PBXTargetDependency section */

/* Begin XCBuildConfiguration section */
		CBABE5792B808067002E80A5 /* Debug */ = {
			isa = XCBuildConfiguration;
			buildSettings = {
				ALWAYS_SEARCH_USER_PATHS = NO;
				ASSETCATALOG_COMPILER_GENERATE_SWIFT_ASSET_SYMBOL_EXTENSIONS = YES;
				CLANG_ANALYZER_NONNULL = YES;
				CLANG_ANALYZER_NUMBER_OBJECT_CONVERSION = YES_AGGRESSIVE;
				CLANG_CXX_LANGUAGE_STANDARD = "gnu++20";
				CLANG_ENABLE_MODULES = YES;
				CLANG_ENABLE_OBJC_ARC = YES;
				CLANG_ENABLE_OBJC_WEAK = YES;
				CLANG_WARN_BLOCK_CAPTURE_AUTORELEASING = YES;
				CLANG_WARN_BOOL_CONVERSION = YES;
				CLANG_WARN_COMMA = YES;
				CLANG_WARN_CONSTANT_CONVERSION = YES;
				CLANG_WARN_DEPRECATED_OBJC_IMPLEMENTATIONS = YES;
				CLANG_WARN_DIRECT_OBJC_ISA_USAGE = YES_ERROR;
				CLANG_WARN_DOCUMENTATION_COMMENTS = YES;
				CLANG_WARN_EMPTY_BODY = YES;
				CLANG_WARN_ENUM_CONVERSION = YES;
				CLANG_WARN_INFINITE_RECURSION = YES;
				CLANG_WARN_INT_CONVERSION = YES;
				CLANG_WARN_NON_LITERAL_NULL_CONVERSION = YES;
				CLANG_WARN_OBJC_IMPLICIT_RETAIN_SELF = YES;
				CLANG_WARN_OBJC_LITERAL_CONVERSION = YES;
				CLANG_WARN_OBJC_ROOT_CLASS = YES_ERROR;
				CLANG_WARN_QUOTED_INCLUDE_IN_FRAMEWORK_HEADER = YES;
				CLANG_WARN_RANGE_LOOP_ANALYSIS = YES;
				CLANG_WARN_STRICT_PROTOTYPES = YES;
				CLANG_WARN_SUSPICIOUS_MOVE = YES;
				CLANG_WARN_UNGUARDED_AVAILABILITY = YES_AGGRESSIVE;
				CLANG_WARN_UNREACHABLE_CODE = YES;
				CLANG_WARN__DUPLICATE_METHOD_MATCH = YES;
				COPY_PHASE_STRIP = NO;
				DEBUG_INFORMATION_FORMAT = dwarf;
				ENABLE_STRICT_OBJC_MSGSEND = YES;
				ENABLE_TESTABILITY = YES;
				ENABLE_USER_SCRIPT_SANDBOXING = YES;
				GCC_C_LANGUAGE_STANDARD = gnu17;
				GCC_DYNAMIC_NO_PIC = NO;
				GCC_NO_COMMON_BLOCKS = YES;
				GCC_OPTIMIZATION_LEVEL = 0;
				GCC_PREPROCESSOR_DEFINITIONS = (
					"DEBUG=1",
					"$(inherited)",
				);
				GCC_WARN_64_TO_32_BIT_CONVERSION = YES;
				GCC_WARN_ABOUT_RETURN_TYPE = YES_ERROR;
				GCC_WARN_UNDECLARED_SELECTOR = YES;
				GCC_WARN_UNINITIALIZED_AUTOS = YES_AGGRESSIVE;
				GCC_WARN_UNUSED_FUNCTION = YES;
				GCC_WARN_UNUSED_VARIABLE = YES;
				IPHONEOS_DEPLOYMENT_TARGET = 17.2;
				LOCALIZATION_PREFERS_STRING_CATALOGS = YES;
				MTL_ENABLE_DEBUG_INFO = INCLUDE_SOURCE;
				MTL_FAST_MATH = YES;
				ONLY_ACTIVE_ARCH = YES;
				SDKROOT = iphoneos;
				SWIFT_ACTIVE_COMPILATION_CONDITIONS = "DEBUG $(inherited)";
				SWIFT_OPTIMIZATION_LEVEL = "-Onone";
			};
			name = Debug;
		};
		CBABE57A2B808067002E80A5 /* Release */ = {
			isa = XCBuildConfiguration;
			buildSettings = {
				ALWAYS_SEARCH_USER_PATHS = NO;
				ASSETCATALOG_COMPILER_GENERATE_SWIFT_ASSET_SYMBOL_EXTENSIONS = YES;
				CLANG_ANALYZER_NONNULL = YES;
				CLANG_ANALYZER_NUMBER_OBJECT_CONVERSION = YES_AGGRESSIVE;
				CLANG_CXX_LANGUAGE_STANDARD = "gnu++20";
				CLANG_ENABLE_MODULES = YES;
				CLANG_ENABLE_OBJC_ARC = YES;
				CLANG_ENABLE_OBJC_WEAK = YES;
				CLANG_WARN_BLOCK_CAPTURE_AUTORELEASING = YES;
				CLANG_WARN_BOOL_CONVERSION = YES;
				CLANG_WARN_COMMA = YES;
				CLANG_WARN_CONSTANT_CONVERSION = YES;
				CLANG_WARN_DEPRECATED_OBJC_IMPLEMENTATIONS = YES;
				CLANG_WARN_DIRECT_OBJC_ISA_USAGE = YES_ERROR;
				CLANG_WARN_DOCUMENTATION_COMMENTS = YES;
				CLANG_WARN_EMPTY_BODY = YES;
				CLANG_WARN_ENUM_CONVERSION = YES;
				CLANG_WARN_INFINITE_RECURSION = YES;
				CLANG_WARN_INT_CONVERSION = YES;
				CLANG_WARN_NON_LITERAL_NULL_CONVERSION = YES;
				CLANG_WARN_OBJC_IMPLICIT_RETAIN_SELF = YES;
				CLANG_WARN_OBJC_LITERAL_CONVERSION = YES;
				CLANG_WARN_OBJC_ROOT_CLASS = YES_ERROR;
				CLANG_WARN_QUOTED_INCLUDE_IN_FRAMEWORK_HEADER = YES;
				CLANG_WARN_RANGE_LOOP_ANALYSIS = YES;
				CLANG_WARN_STRICT_PROTOTYPES = YES;
				CLANG_WARN_SUSPICIOUS_MOVE = YES;
				CLANG_WARN_UNGUARDED_AVAILABILITY = YES_AGGRESSIVE;
				CLANG_WARN_UNREACHABLE_CODE = YES;
				CLANG_WARN__DUPLICATE_METHOD_MATCH = YES;
				COPY_PHASE_STRIP = NO;
				DEBUG_INFORMATION_FORMAT = "dwarf-with-dsym";
				ENABLE_NS_ASSERTIONS = NO;
				ENABLE_STRICT_OBJC_MSGSEND = YES;
				ENABLE_USER_SCRIPT_SANDBOXING = YES;
				GCC_C_LANGUAGE_STANDARD = gnu17;
				GCC_NO_COMMON_BLOCKS = YES;
				GCC_WARN_64_TO_32_BIT_CONVERSION = YES;
				GCC_WARN_ABOUT_RETURN_TYPE = YES_ERROR;
				GCC_WARN_UNDECLARED_SELECTOR = YES;
				GCC_WARN_UNINITIALIZED_AUTOS = YES_AGGRESSIVE;
				GCC_WARN_UNUSED_FUNCTION = YES;
				GCC_WARN_UNUSED_VARIABLE = YES;
				IPHONEOS_DEPLOYMENT_TARGET = 17.2;
				LOCALIZATION_PREFERS_STRING_CATALOGS = YES;
				MTL_ENABLE_DEBUG_INFO = NO;
				MTL_FAST_MATH = YES;
				SDKROOT = iphoneos;
				SWIFT_COMPILATION_MODE = wholemodule;
				VALIDATE_PRODUCT = YES;
			};
			name = Release;
		};
		CBABE57C2B808067002E80A5 /* Debug */ = {
			isa = XCBuildConfiguration;
			buildSettings = {
				ASSETCATALOG_COMPILER_APPICON_NAME = AppIcon;
				ASSETCATALOG_COMPILER_GLOBAL_ACCENT_COLOR_NAME = AccentColor;
				CODE_SIGN_STYLE = Automatic;
				CURRENT_PROJECT_VERSION = 1;
				DEVELOPMENT_ASSET_PATHS = "\"tram/Preview Content\"";
				ENABLE_PREVIEWS = YES;
				GENERATE_INFOPLIST_FILE = YES;
				INFOPLIST_KEY_NSLocationAlwaysAndWhenInUseUsageDescription = "";
				INFOPLIST_KEY_NSLocationAlwaysUsageDescription = "";
				INFOPLIST_KEY_NSLocationWhenInUseUsageDescription = "";
				INFOPLIST_KEY_UIApplicationSceneManifest_Generation = YES;
				INFOPLIST_KEY_UILaunchScreen_Generation = YES;
				INFOPLIST_KEY_UISupportedInterfaceOrientations_iPad = "UIInterfaceOrientationPortrait UIInterfaceOrientationPortraitUpsideDown UIInterfaceOrientationLandscapeLeft UIInterfaceOrientationLandscapeRight";
				INFOPLIST_KEY_UISupportedInterfaceOrientations_iPhone = "UIInterfaceOrientationPortrait UIInterfaceOrientationLandscapeLeft UIInterfaceOrientationLandscapeRight";
				LD_RUNPATH_SEARCH_PATHS = (
					"$(inherited)",
					"@executable_path/Frameworks",
				);
				MARKETING_VERSION = 1.0;
				PRODUCT_BUNDLE_IDENTIFIER = dev.freaks.tram;
				PRODUCT_NAME = "$(TARGET_NAME)";
				SWIFT_EMIT_LOC_STRINGS = YES;
				SWIFT_VERSION = 5.0;
				TARGETED_DEVICE_FAMILY = "1,2";
			};
			name = Debug;
		};
		CBABE57D2B808067002E80A5 /* Release */ = {
			isa = XCBuildConfiguration;
			buildSettings = {
				ASSETCATALOG_COMPILER_APPICON_NAME = AppIcon;
				ASSETCATALOG_COMPILER_GLOBAL_ACCENT_COLOR_NAME = AccentColor;
				CODE_SIGN_STYLE = Automatic;
				CURRENT_PROJECT_VERSION = 1;
				DEVELOPMENT_ASSET_PATHS = "\"tram/Preview Content\"";
				ENABLE_PREVIEWS = YES;
				GENERATE_INFOPLIST_FILE = YES;
				INFOPLIST_KEY_NSLocationAlwaysAndWhenInUseUsageDescription = "";
				INFOPLIST_KEY_NSLocationAlwaysUsageDescription = "";
				INFOPLIST_KEY_NSLocationWhenInUseUsageDescription = "";
				INFOPLIST_KEY_UIApplicationSceneManifest_Generation = YES;
				INFOPLIST_KEY_UILaunchScreen_Generation = YES;
				INFOPLIST_KEY_UISupportedInterfaceOrientations_iPad = "UIInterfaceOrientationPortrait UIInterfaceOrientationPortraitUpsideDown UIInterfaceOrientationLandscapeLeft UIInterfaceOrientationLandscapeRight";
				INFOPLIST_KEY_UISupportedInterfaceOrientations_iPhone = "UIInterfaceOrientationPortrait UIInterfaceOrientationLandscapeLeft UIInterfaceOrientationLandscapeRight";
				LD_RUNPATH_SEARCH_PATHS = (
					"$(inherited)",
					"@executable_path/Frameworks",
				);
				MARKETING_VERSION = 1.0;
				PRODUCT_BUNDLE_IDENTIFIER = dev.freaks.tram;
				PRODUCT_NAME = "$(TARGET_NAME)";
				SWIFT_EMIT_LOC_STRINGS = YES;
				SWIFT_VERSION = 5.0;
				TARGETED_DEVICE_FAMILY = "1,2";
			};
			name = Release;
		};
		CBABE57F2B808067002E80A5 /* Debug */ = {
			isa = XCBuildConfiguration;
			buildSettings = {
				ALWAYS_EMBED_SWIFT_STANDARD_LIBRARIES = YES;
				BUNDLE_LOADER = "$(TEST_HOST)";
				CODE_SIGN_STYLE = Automatic;
				CURRENT_PROJECT_VERSION = 1;
				GENERATE_INFOPLIST_FILE = YES;
				IPHONEOS_DEPLOYMENT_TARGET = 17.2;
				MARKETING_VERSION = 1.0;
				PRODUCT_BUNDLE_IDENTIFIER = dev.freaks.tramTests;
				PRODUCT_NAME = "$(TARGET_NAME)";
				SWIFT_EMIT_LOC_STRINGS = NO;
				SWIFT_VERSION = 5.0;
				TARGETED_DEVICE_FAMILY = "1,2";
				TEST_HOST = "$(BUILT_PRODUCTS_DIR)/tram.app/$(BUNDLE_EXECUTABLE_FOLDER_PATH)/tram";
			};
			name = Debug;
		};
		CBABE5802B808067002E80A5 /* Release */ = {
			isa = XCBuildConfiguration;
			buildSettings = {
				ALWAYS_EMBED_SWIFT_STANDARD_LIBRARIES = YES;
				BUNDLE_LOADER = "$(TEST_HOST)";
				CODE_SIGN_STYLE = Automatic;
				CURRENT_PROJECT_VERSION = 1;
				GENERATE_INFOPLIST_FILE = YES;
				IPHONEOS_DEPLOYMENT_TARGET = 17.2;
				MARKETING_VERSION = 1.0;
				PRODUCT_BUNDLE_IDENTIFIER = dev.freaks.tramTests;
				PRODUCT_NAME = "$(TARGET_NAME)";
				SWIFT_EMIT_LOC_STRINGS = NO;
				SWIFT_VERSION = 5.0;
				TARGETED_DEVICE_FAMILY = "1,2";
				TEST_HOST = "$(BUILT_PRODUCTS_DIR)/tram.app/$(BUNDLE_EXECUTABLE_FOLDER_PATH)/tram";
			};
			name = Release;
		};
		CBABE5822B808067002E80A5 /* Debug */ = {
			isa = XCBuildConfiguration;
			buildSettings = {
				ALWAYS_EMBED_SWIFT_STANDARD_LIBRARIES = YES;
				CODE_SIGN_STYLE = Automatic;
				CURRENT_PROJECT_VERSION = 1;
				GENERATE_INFOPLIST_FILE = YES;
				MARKETING_VERSION = 1.0;
				PRODUCT_BUNDLE_IDENTIFIER = dev.freaks.tramUITests;
				PRODUCT_NAME = "$(TARGET_NAME)";
				SWIFT_EMIT_LOC_STRINGS = NO;
				SWIFT_VERSION = 5.0;
				TARGETED_DEVICE_FAMILY = "1,2";
				TEST_TARGET_NAME = tram;
			};
			name = Debug;
		};
		CBABE5832B808067002E80A5 /* Release */ = {
			isa = XCBuildConfiguration;
			buildSettings = {
				ALWAYS_EMBED_SWIFT_STANDARD_LIBRARIES = YES;
				CODE_SIGN_STYLE = Automatic;
				CURRENT_PROJECT_VERSION = 1;
				GENERATE_INFOPLIST_FILE = YES;
				MARKETING_VERSION = 1.0;
				PRODUCT_BUNDLE_IDENTIFIER = dev.freaks.tramUITests;
				PRODUCT_NAME = "$(TARGET_NAME)";
				SWIFT_EMIT_LOC_STRINGS = NO;
				SWIFT_VERSION = 5.0;
				TARGETED_DEVICE_FAMILY = "1,2";
				TEST_TARGET_NAME = tram;
			};
			name = Release;
		};
/* End XCBuildConfiguration section */

/* Begin XCConfigurationList section */
		CBABE5522B808066002E80A5 /* Build configuration list for PBXProject "tram" */ = {
			isa = XCConfigurationList;
			buildConfigurations = (
				CBABE5792B808067002E80A5 /* Debug */,
				CBABE57A2B808067002E80A5 /* Release */,
			);
			defaultConfigurationIsVisible = 0;
			defaultConfigurationName = Release;
		};
		CBABE57B2B808067002E80A5 /* Build configuration list for PBXNativeTarget "tram" */ = {
			isa = XCConfigurationList;
			buildConfigurations = (
				CBABE57C2B808067002E80A5 /* Debug */,
				CBABE57D2B808067002E80A5 /* Release */,
			);
			defaultConfigurationIsVisible = 0;
			defaultConfigurationName = Release;
		};
		CBABE57E2B808067002E80A5 /* Build configuration list for PBXNativeTarget "tramTests" */ = {
			isa = XCConfigurationList;
			buildConfigurations = (
				CBABE57F2B808067002E80A5 /* Debug */,
				CBABE5802B808067002E80A5 /* Release */,
			);
			defaultConfigurationIsVisible = 0;
			defaultConfigurationName = Release;
		};
		CBABE5812B808067002E80A5 /* Build configuration list for PBXNativeTarget "tramUITests" */ = {
			isa = XCConfigurationList;
			buildConfigurations = (
				CBABE5822B808067002E80A5 /* Debug */,
				CBABE5832B808067002E80A5 /* Release */,
			);
			defaultConfigurationIsVisible = 0;
			defaultConfigurationName = Release;
		};
/* End XCConfigurationList section */

/* Begin XCRemoteSwiftPackageReference section */
		CB7125BC2B8137F700EB458E /* XCRemoteSwiftPackageReference "GIFImage" */ = {
			isa = XCRemoteSwiftPackageReference;
			repositoryURL = "https://github.com/igorcferreira/GIFImage.git";
			requirement = {
				kind = upToNextMajorVersion;
				minimumVersion = 1.1.2;
			};
		};
/* End XCRemoteSwiftPackageReference section */

/* Begin XCSwiftPackageProductDependency section */
		CB7125BD2B8137F700EB458E /* GIFImage */ = {
			isa = XCSwiftPackageProductDependency;
			package = CB7125BC2B8137F700EB458E /* XCRemoteSwiftPackageReference "GIFImage" */;
			productName = GIFImage;
		};
/* End XCSwiftPackageProductDependency section */
	};
	rootObject = CBABE54F2B808066002E80A5 /* Project object */;
}
